// !$*UTF8*$!
{
	archiveVersion = 1;
	classes = {
	};
	objectVersion = 50;
	objects = {

/* Begin PBXBuildFile section */
		171B135F267FE4AC00D877E2 /* NewEntryView.swift in Sources */ = {isa = PBXBuildFile; fileRef = 171B135E267FE4AC00D877E2 /* NewEntryView.swift */; };
		171F02F726E013F800BB7914 /* SaleView.swift in Sources */ = {isa = PBXBuildFile; fileRef = 171F02F626E013F800BB7914 /* SaleView.swift */; };
		173FE12C2682D8E600DB120F /* ViewModel.swift in Sources */ = {isa = PBXBuildFile; fileRef = 173FE12B2682D8E600DB120F /* ViewModel.swift */; };
		17B551EB267ED3DF001B2900 /* AppDelegate.swift in Sources */ = {isa = PBXBuildFile; fileRef = 17B551EA267ED3DF001B2900 /* AppDelegate.swift */; };
		17B551ED267ED3DF001B2900 /* SceneDelegate.swift in Sources */ = {isa = PBXBuildFile; fileRef = 17B551EC267ED3DF001B2900 /* SceneDelegate.swift */; };
		17B551EF267ED3DF001B2900 /* TransactionChooserView.swift in Sources */ = {isa = PBXBuildFile; fileRef = 17B551EE267ED3DF001B2900 /* TransactionChooserView.swift */; };
		17B551F2267ED3DF001B2900 /* ArbitrageDB.xcdatamodeld in Sources */ = {isa = PBXBuildFile; fileRef = 17B551F0267ED3DF001B2900 /* ArbitrageDB.xcdatamodeld */; };
		17B551F4267ED3E0001B2900 /* Assets.xcassets in Resources */ = {isa = PBXBuildFile; fileRef = 17B551F3267ED3E0001B2900 /* Assets.xcassets */; };
		17B551F7267ED3E0001B2900 /* Preview Assets.xcassets in Resources */ = {isa = PBXBuildFile; fileRef = 17B551F6267ED3E0001B2900 /* Preview Assets.xcassets */; };
		17B551FA267ED3E0001B2900 /* LaunchScreen.storyboard in Resources */ = {isa = PBXBuildFile; fileRef = 17B551F8267ED3E0001B2900 /* LaunchScreen.storyboard */; };
		17BC40372681885500A1F97F /* DatabaseManager.swift in Sources */ = {isa = PBXBuildFile; fileRef = 17BC40362681885500A1F97F /* DatabaseManager.swift */; };
		17BC403C268278DA00A1F97F /* SaleItem+CoreDataClass.swift in Sources */ = {isa = PBXBuildFile; fileRef = 17BC403A268278DA00A1F97F /* SaleItem+CoreDataClass.swift */; };
		17BC403D268278DA00A1F97F /* SaleItem+CoreDataProperties.swift in Sources */ = {isa = PBXBuildFile; fileRef = 17BC403B268278DA00A1F97F /* SaleItem+CoreDataProperties.swift */; };
		17C1323A268FF7F7009BF3D2 /* homeView.swift in Sources */ = {isa = PBXBuildFile; fileRef = 17C13239268FF7F7009BF3D2 /* homeView.swift */; };
/* End PBXBuildFile section */

/* Begin PBXFileReference section */
		171B135E267FE4AC00D877E2 /* NewEntryView.swift */ = {isa = PBXFileReference; lastKnownFileType = sourcecode.swift; path = NewEntryView.swift; sourceTree = "<group>"; };
		171F02F626E013F800BB7914 /* SaleView.swift */ = {isa = PBXFileReference; lastKnownFileType = sourcecode.swift; path = SaleView.swift; sourceTree = "<group>"; };
		173FE12B2682D8E600DB120F /* ViewModel.swift */ = {isa = PBXFileReference; lastKnownFileType = sourcecode.swift; path = ViewModel.swift; sourceTree = "<group>"; };
		17B551E7267ED3DF001B2900 /* ArbitrageDB.app */ = {isa = PBXFileReference; explicitFileType = wrapper.application; includeInIndex = 0; path = ArbitrageDB.app; sourceTree = BUILT_PRODUCTS_DIR; };
		17B551EA267ED3DF001B2900 /* AppDelegate.swift */ = {isa = PBXFileReference; lastKnownFileType = sourcecode.swift; path = AppDelegate.swift; sourceTree = "<group>"; };
		17B551EC267ED3DF001B2900 /* SceneDelegate.swift */ = {isa = PBXFileReference; lastKnownFileType = sourcecode.swift; path = SceneDelegate.swift; sourceTree = "<group>"; };
		17B551EE267ED3DF001B2900 /* TransactionChooserView.swift */ = {isa = PBXFileReference; lastKnownFileType = sourcecode.swift; path = TransactionChooserView.swift; sourceTree = "<group>"; };
		17B551F1267ED3DF001B2900 /* ArbitrageDB.xcdatamodel */ = {isa = PBXFileReference; lastKnownFileType = wrapper.xcdatamodel; path = ArbitrageDB.xcdatamodel; sourceTree = "<group>"; };
		17B551F3267ED3E0001B2900 /* Assets.xcassets */ = {isa = PBXFileReference; lastKnownFileType = folder.assetcatalog; path = Assets.xcassets; sourceTree = "<group>"; };
		17B551F6267ED3E0001B2900 /* Preview Assets.xcassets */ = {isa = PBXFileReference; lastKnownFileType = folder.assetcatalog; path = "Preview Assets.xcassets"; sourceTree = "<group>"; };
		17B551F9267ED3E0001B2900 /* Base */ = {isa = PBXFileReference; lastKnownFileType = file.storyboard; name = Base; path = Base.lproj/LaunchScreen.storyboard; sourceTree = "<group>"; };
		17B551FB267ED3E0001B2900 /* Info.plist */ = {isa = PBXFileReference; lastKnownFileType = text.plist.xml; path = Info.plist; sourceTree = "<group>"; };
		17BC40362681885500A1F97F /* DatabaseManager.swift */ = {isa = PBXFileReference; lastKnownFileType = sourcecode.swift; path = DatabaseManager.swift; sourceTree = "<group>"; };
		17BC403A268278DA00A1F97F /* SaleItem+CoreDataClass.swift */ = {isa = PBXFileReference; lastKnownFileType = sourcecode.swift; path = "SaleItem+CoreDataClass.swift"; sourceTree = "<group>"; };
		17BC403B268278DA00A1F97F /* SaleItem+CoreDataProperties.swift */ = {isa = PBXFileReference; lastKnownFileType = sourcecode.swift; path = "SaleItem+CoreDataProperties.swift"; sourceTree = "<group>"; };
		17C13239268FF7F7009BF3D2 /* homeView.swift */ = {isa = PBXFileReference; lastKnownFileType = sourcecode.swift; path = homeView.swift; sourceTree = "<group>"; };
/* End PBXFileReference section */

/* Begin PBXFrameworksBuildPhase section */
		17B551E4267ED3DF001B2900 /* Frameworks */ = {
			isa = PBXFrameworksBuildPhase;
			buildActionMask = 2147483647;
			files = (
			);
			runOnlyForDeploymentPostprocessing = 0;
		};
/* End PBXFrameworksBuildPhase section */

/* Begin PBXGroup section */
		17B551DE267ED3DF001B2900 = {
			isa = PBXGroup;
			children = (
				17B551E9267ED3DF001B2900 /* ArbitrageDB */,
				17B551E8267ED3DF001B2900 /* Products */,
			);
			sourceTree = "<group>";
		};
		17B551E8267ED3DF001B2900 /* Products */ = {
			isa = PBXGroup;
			children = (
				17B551E7267ED3DF001B2900 /* ArbitrageDB.app */,
			);
			name = Products;
			sourceTree = "<group>";
		};
		17B551E9267ED3DF001B2900 /* ArbitrageDB */ = {
			isa = PBXGroup;
			children = (
				17C13239268FF7F7009BF3D2 /* homeView.swift */,
				173FE12B2682D8E600DB120F /* ViewModel.swift */,
				17BC40362681885500A1F97F /* DatabaseManager.swift */,
				17BC403E268278EA00A1F97F /* SaleItemCoreData */,
				17B551EA267ED3DF001B2900 /* AppDelegate.swift */,
				17B551EC267ED3DF001B2900 /* SceneDelegate.swift */,
				17B551EE267ED3DF001B2900 /* TransactionChooserView.swift */,
				171B135E267FE4AC00D877E2 /* NewEntryView.swift */,
				17B551F3267ED3E0001B2900 /* Assets.xcassets */,
				17B551F8267ED3E0001B2900 /* LaunchScreen.storyboard */,
				17B551FB267ED3E0001B2900 /* Info.plist */,
				17B551F0267ED3DF001B2900 /* ArbitrageDB.xcdatamodeld */,
				17B551F5267ED3E0001B2900 /* Preview Content */,
				171F02F626E013F800BB7914 /* SaleView.swift */,
			);
			path = ArbitrageDB;
			sourceTree = "<group>";
		};
		17B551F5267ED3E0001B2900 /* Preview Content */ = {
			isa = PBXGroup;
			children = (
				17B551F6267ED3E0001B2900 /* Preview Assets.xcassets */,
			);
			path = "Preview Content";
			sourceTree = "<group>";
		};
		17BC403E268278EA00A1F97F /* SaleItemCoreData */ = {
			isa = PBXGroup;
			children = (
				17BC403A268278DA00A1F97F /* SaleItem+CoreDataClass.swift */,
				17BC403B268278DA00A1F97F /* SaleItem+CoreDataProperties.swift */,
			);
			path = SaleItemCoreData;
			sourceTree = "<group>";
		};
/* End PBXGroup section */

/* Begin PBXNativeTarget section */
		17B551E6267ED3DF001B2900 /* ArbitrageDB */ = {
			isa = PBXNativeTarget;
			buildConfigurationList = 17B551FE267ED3E0001B2900 /* Build configuration list for PBXNativeTarget "ArbitrageDB" */;
			buildPhases = (
				17B551E3267ED3DF001B2900 /* Sources */,
				17B551E4267ED3DF001B2900 /* Frameworks */,
				17B551E5267ED3DF001B2900 /* Resources */,
			);
			buildRules = (
			);
			dependencies = (
			);
			name = ArbitrageDB;
			productName = ArbitrageDB;
			productReference = 17B551E7267ED3DF001B2900 /* ArbitrageDB.app */;
			productType = "com.apple.product-type.application";
		};
/* End PBXNativeTarget section */

/* Begin PBXProject section */
		17B551DF267ED3DF001B2900 /* Project object */ = {
			isa = PBXProject;
			attributes = {
				LastSwiftUpdateCheck = 1250;
				LastUpgradeCheck = 1250;
				TargetAttributes = {
					17B551E6267ED3DF001B2900 = {
						CreatedOnToolsVersion = 12.5;
					};
				};
			};
			buildConfigurationList = 17B551E2267ED3DF001B2900 /* Build configuration list for PBXProject "ArbitrageDB" */;
			compatibilityVersion = "Xcode 9.3";
			developmentRegion = en;
			hasScannedForEncodings = 0;
			knownRegions = (
				en,
				Base,
			);
			mainGroup = 17B551DE267ED3DF001B2900;
			productRefGroup = 17B551E8267ED3DF001B2900 /* Products */;
			projectDirPath = "";
			projectRoot = "";
			targets = (
				17B551E6267ED3DF001B2900 /* ArbitrageDB */,
			);
		};
/* End PBXProject section */

/* Begin PBXResourcesBuildPhase section */
		17B551E5267ED3DF001B2900 /* Resources */ = {
			isa = PBXResourcesBuildPhase;
			buildActionMask = 2147483647;
			files = (
				17B551FA267ED3E0001B2900 /* LaunchScreen.storyboard in Resources */,
				17B551F7267ED3E0001B2900 /* Preview Assets.xcassets in Resources */,
				17B551F4267ED3E0001B2900 /* Assets.xcassets in Resources */,
			);
			runOnlyForDeploymentPostprocessing = 0;
		};
/* End PBXResourcesBuildPhase section */

/* Begin PBXSourcesBuildPhase section */
		17B551E3267ED3DF001B2900 /* Sources */ = {
			isa = PBXSourcesBuildPhase;
			buildActionMask = 2147483647;
			files = (
				17B551EB267ED3DF001B2900 /* AppDelegate.swift in Sources */,
				17BC403D268278DA00A1F97F /* SaleItem+CoreDataProperties.swift in Sources */,
				171F02F726E013F800BB7914 /* SaleView.swift in Sources */,
				17BC403C268278DA00A1F97F /* SaleItem+CoreDataClass.swift in Sources */,
				17B551ED267ED3DF001B2900 /* SceneDelegate.swift in Sources */,
				173FE12C2682D8E600DB120F /* ViewModel.swift in Sources */,
				17BC40372681885500A1F97F /* DatabaseManager.swift in Sources */,
				17B551EF267ED3DF001B2900 /* TransactionChooserView.swift in Sources */,
				17B551F2267ED3DF001B2900 /* ArbitrageDB.xcdatamodeld in Sources */,
				17C1323A268FF7F7009BF3D2 /* homeView.swift in Sources */,
				171B135F267FE4AC00D877E2 /* NewEntryView.swift in Sources */,
			);
			runOnlyForDeploymentPostprocessing = 0;
		};
/* End PBXSourcesBuildPhase section */

/* Begin PBXVariantGroup section */
		17B551F8267ED3E0001B2900 /* LaunchScreen.storyboard */ = {
			isa = PBXVariantGroup;
			children = (
				17B551F9267ED3E0001B2900 /* Base */,
			);
			name = LaunchScreen.storyboard;
			sourceTree = "<group>";
		};
/* End PBXVariantGroup section */

/* Begin XCBuildConfiguration section */
		17B551FC267ED3E0001B2900 /* Debug */ = {
			isa = XCBuildConfiguration;
			buildSettings = {
				ALWAYS_SEARCH_USER_PATHS = NO;
				CLANG_ANALYZER_NONNULL = YES;
				CLANG_ANALYZER_NUMBER_OBJECT_CONVERSION = YES_AGGRESSIVE;
				CLANG_CXX_LANGUAGE_STANDARD = "gnu++14";
				CLANG_CXX_LIBRARY = "libc++";
				CLANG_ENABLE_MODULES = YES;
				CLANG_ENABLE_OBJC_ARC = YES;
				CLANG_ENABLE_OBJC_WEAK = YES;
				CLANG_WARN_BLOCK_CAPTURE_AUTORELEASING = YES;
				CLANG_WARN_BOOL_CONVERSION = YES;
				CLANG_WARN_COMMA = YES;
				CLANG_WARN_CONSTANT_CONVERSION = YES;
				CLANG_WARN_DEPRECATED_OBJC_IMPLEMENTATIONS = YES;
				CLANG_WARN_DIRECT_OBJC_ISA_USAGE = YES_ERROR;
				CLANG_WARN_DOCUMENTATION_COMMENTS = YES;
				CLANG_WARN_EMPTY_BODY = YES;
				CLANG_WARN_ENUM_CONVERSION = YES;
				CLANG_WARN_INFINITE_RECURSION = YES;
				CLANG_WARN_INT_CONVERSION = YES;
				CLANG_WARN_NON_LITERAL_NULL_CONVERSION = YES;
				CLANG_WARN_OBJC_IMPLICIT_RETAIN_SELF = YES;
				CLANG_WARN_OBJC_LITERAL_CONVERSION = YES;
				CLANG_WARN_OBJC_ROOT_CLASS = YES_ERROR;
				CLANG_WARN_QUOTED_INCLUDE_IN_FRAMEWORK_HEADER = YES;
				CLANG_WARN_RANGE_LOOP_ANALYSIS = YES;
				CLANG_WARN_STRICT_PROTOTYPES = YES;
				CLANG_WARN_SUSPICIOUS_MOVE = YES;
				CLANG_WARN_UNGUARDED_AVAILABILITY = YES_AGGRESSIVE;
				CLANG_WARN_UNREACHABLE_CODE = YES;
				CLANG_WARN__DUPLICATE_METHOD_MATCH = YES;
				COPY_PHASE_STRIP = NO;
				DEBUG_INFORMATION_FORMAT = dwarf;
				ENABLE_STRICT_OBJC_MSGSEND = YES;
				ENABLE_TESTABILITY = YES;
				GCC_C_LANGUAGE_STANDARD = gnu11;
				GCC_DYNAMIC_NO_PIC = NO;
				GCC_NO_COMMON_BLOCKS = YES;
				GCC_OPTIMIZATION_LEVEL = 0;
				GCC_PREPROCESSOR_DEFINITIONS = (
					"DEBUG=1",
					"$(inherited)",
				);
				GCC_WARN_64_TO_32_BIT_CONVERSION = YES;
				GCC_WARN_ABOUT_RETURN_TYPE = YES_ERROR;
				GCC_WARN_UNDECLARED_SELECTOR = YES;
				GCC_WARN_UNINITIALIZED_AUTOS = YES_AGGRESSIVE;
				GCC_WARN_UNUSED_FUNCTION = YES;
				GCC_WARN_UNUSED_VARIABLE = YES;
				IPHONEOS_DEPLOYMENT_TARGET = 14.5;
				MTL_ENABLE_DEBUG_INFO = INCLUDE_SOURCE;
				MTL_FAST_MATH = YES;
				ONLY_ACTIVE_ARCH = YES;
				SDKROOT = iphoneos;
				SWIFT_ACTIVE_COMPILATION_CONDITIONS = DEBUG;
				SWIFT_OPTIMIZATION_LEVEL = "-Onone";
			};
			name = Debug;
		};
		17B551FD267ED3E0001B2900 /* Release */ = {
			isa = XCBuildConfiguration;
			buildSettings = {
				ALWAYS_SEARCH_USER_PATHS = NO;
				CLANG_ANALYZER_NONNULL = YES;
				CLANG_ANALYZER_NUMBER_OBJECT_CONVERSION = YES_AGGRESSIVE;
				CLANG_CXX_LANGUAGE_STANDARD = "gnu++14";
				CLANG_CXX_LIBRARY = "libc++";
				CLANG_ENABLE_MODULES = YES;
				CLANG_ENABLE_OBJC_ARC = YES;
				CLANG_ENABLE_OBJC_WEAK = YES;
				CLANG_WARN_BLOCK_CAPTURE_AUTORELEASING = YES;
				CLANG_WARN_BOOL_CONVERSION = YES;
				CLANG_WARN_COMMA = YES;
				CLANG_WARN_CONSTANT_CONVERSION = YES;
				CLANG_WARN_DEPRECATED_OBJC_IMPLEMENTATIONS = YES;
				CLANG_WARN_DIRECT_OBJC_ISA_USAGE = YES_ERROR;
				CLANG_WARN_DOCUMENTATION_COMMENTS = YES;
				CLANG_WARN_EMPTY_BODY = YES;
				CLANG_WARN_ENUM_CONVERSION = YES;
				CLANG_WARN_INFINITE_RECURSION = YES;
				CLANG_WARN_INT_CONVERSION = YES;
				CLANG_WARN_NON_LITERAL_NULL_CONVERSION = YES;
				CLANG_WARN_OBJC_IMPLICIT_RETAIN_SELF = YES;
				CLANG_WARN_OBJC_LITERAL_CONVERSION = YES;
				CLANG_WARN_OBJC_ROOT_CLASS = YES_ERROR;
				CLANG_WARN_QUOTED_INCLUDE_IN_FRAMEWORK_HEADER = YES;
				CLANG_WARN_RANGE_LOOP_ANALYSIS = YES;
				CLANG_WARN_STRICT_PROTOTYPES = YES;
				CLANG_WARN_SUSPICIOUS_MOVE = YES;
				CLANG_WARN_UNGUARDED_AVAILABILITY = YES_AGGRESSIVE;
				CLANG_WARN_UNREACHABLE_CODE = YES;
				CLANG_WARN__DUPLICATE_METHOD_MATCH = YES;
				COPY_PHASE_STRIP = NO;
				DEBUG_INFORMATION_FORMAT = "dwarf-with-dsym";
				ENABLE_NS_ASSERTIONS = NO;
				ENABLE_STRICT_OBJC_MSGSEND = YES;
				GCC_C_LANGUAGE_STANDARD = gnu11;
				GCC_NO_COMMON_BLOCKS = YES;
				GCC_WARN_64_TO_32_BIT_CONVERSION = YES;
				GCC_WARN_ABOUT_RETURN_TYPE = YES_ERROR;
				GCC_WARN_UNDECLARED_SELECTOR = YES;
				GCC_WARN_UNINITIALIZED_AUTOS = YES_AGGRESSIVE;
				GCC_WARN_UNUSED_FUNCTION = YES;
				GCC_WARN_UNUSED_VARIABLE = YES;
				IPHONEOS_DEPLOYMENT_TARGET = 14.5;
				MTL_ENABLE_DEBUG_INFO = NO;
				MTL_FAST_MATH = YES;
				SDKROOT = iphoneos;
				SWIFT_COMPILATION_MODE = wholemodule;
				SWIFT_OPTIMIZATION_LEVEL = "-O";
				VALIDATE_PRODUCT = YES;
			};
			name = Release;
		};
		17B551FF267ED3E0001B2900 /* Debug */ = {
			isa = XCBuildConfiguration;
			buildSettings = {
				ASSETCATALOG_COMPILER_APPICON_NAME = AppIcon;
				ASSETCATALOG_COMPILER_GLOBAL_ACCENT_COLOR_NAME = AccentColor;
				CODE_SIGN_STYLE = Automatic;
				DEVELOPMENT_ASSET_PATHS = "\"ArbitrageDB/Preview Content\"";
				ENABLE_PREVIEWS = YES;
				INFOPLIST_FILE = ArbitrageDB/Info.plist;
				LD_RUNPATH_SEARCH_PATHS = (
					"$(inherited)",
					"@executable_path/Frameworks",
				);
				PRODUCT_BUNDLE_IDENTIFIER = com.lunaj6.ArbitrageDB;
				PRODUCT_NAME = "$(TARGET_NAME)";
				SWIFT_VERSION = 5.0;
				TARGETED_DEVICE_FAMILY = "1,2";
			};
			name = Debug;
		};
		17B55200267ED3E0001B2900 /* Release */ = {
			isa = XCBuildConfiguration;
			buildSettings = {
				ASSETCATALOG_COMPILER_APPICON_NAME = AppIcon;
				ASSETCATALOG_COMPILER_GLOBAL_ACCENT_COLOR_NAME = AccentColor;
				CODE_SIGN_STYLE = Automatic;
				DEVELOPMENT_ASSET_PATHS = "\"ArbitrageDB/Preview Content\"";
				ENABLE_PREVIEWS = YES;
				INFOPLIST_FILE = ArbitrageDB/Info.plist;
				LD_RUNPATH_SEARCH_PATHS = (
					"$(inherited)",
					"@executable_path/Frameworks",
				);
				PRODUCT_BUNDLE_IDENTIFIER = com.lunaj6.ArbitrageDB;
				PRODUCT_NAME = "$(TARGET_NAME)";
				SWIFT_VERSION = 5.0;
				TARGETED_DEVICE_FAMILY = "1,2";
			};
			name = Release;
		};
/* End XCBuildConfiguration section */

/* Begin XCConfigurationList section */
		17B551E2267ED3DF001B2900 /* Build configuration list for PBXProject "ArbitrageDB" */ = {
			isa = XCConfigurationList;
			buildConfigurations = (
				17B551FC267ED3E0001B2900 /* Debug */,
				17B551FD267ED3E0001B2900 /* Release */,
			);
			defaultConfigurationIsVisible = 0;
			defaultConfigurationName = Release;
		};
		17B551FE267ED3E0001B2900 /* Build configuration list for PBXNativeTarget "ArbitrageDB" */ = {
			isa = XCConfigurationList;
			buildConfigurations = (
				17B551FF267ED3E0001B2900 /* Debug */,
				17B55200267ED3E0001B2900 /* Release */,
			);
			defaultConfigurationIsVisible = 0;
			defaultConfigurationName = Release;
		};
/* End XCConfigurationList section */

/* Begin XCVersionGroup section */
		17B551F0267ED3DF001B2900 /* ArbitrageDB.xcdatamodeld */ = {
			isa = XCVersionGroup;
			children = (
				17B551F1267ED3DF001B2900 /* ArbitrageDB.xcdatamodel */,
			);
			currentVersion = 17B551F1267ED3DF001B2900 /* ArbitrageDB.xcdatamodel */;
			path = ArbitrageDB.xcdatamodeld;
			sourceTree = "<group>";
			versionGroupType = wrapper.xcdatamodel;
		};
/* End XCVersionGroup section */
	};
	rootObject = 17B551DF267ED3DF001B2900 /* Project object */;
}
